%{"bear": {:hex, :bear, "0.8.3", "866002127a97932720a0d475d8582c98ec5fb78db3a18dfe7eaf91594d9024b8", [:rebar3], []},
  "bunt": {:hex, :bunt, "0.1.6", "5d95a6882f73f3b9969fdfd1953798046664e6f77ec4e486e6fafc7caad97c6f", [:mix], []},
  "credo": {:hex, :credo, "0.5.1", "2395862b94628cadf0f5c68975c1440393f425b955f1e70ce1aea267e00187a1", [:mix], [{:bunt, "~> 0.1.6", [hex: :bunt, optional: false]}]},
  "dialyze": {:hex, :dialyze, "0.2.1", "9fb71767f96649020d769db7cbd7290059daff23707d6e851e206b1fdfa92f9d", [:mix], []},
  "edown": {:hex, :edown, "0.7.0", "6803599606b10f8e328d6d60c44cd16244cd2429908894c415fce4211c3bfefd", [:rebar, :rebar, :make], []},
  "elixometer": {:hex, :elixometer, "1.2.1", "41527a3fb2a4656ac3f721b523deaf4f55c5c901ffdb5e375260c6338dd2c164", [:mix], [{:edown, "~>0.7.0", [hex: :edown, optional: false]}, {:exometer_core, "~>1.4.0", [hex: :exometer_core, optional: false]}, {:lager, "~>3.0.2", [hex: :lager, optional: false]}, {:pobox, "~>1.0.2", [hex: :pobox, optional: false]}]},
  "exometer_core": {:hex, :exometer_core, "1.4.0", "a546ccd38be910de6ea75ea95b724b6b2db513c26f02e30919b25eb19651815a", [:rebar3], [{:edown, "0.7.0", [hex: :edown, optional: false]}, {:folsom, "0.8.3", [hex: :folsom, optional: false]}, {:lager, "3.0.2", [hex: :lager, optional: false]}, {:parse_trans, "2.9.0", [hex: :parse_trans, optional: false]}, {:setup, "1.7.0", [hex: :setup, optional: false]}]},
  "folsom": {:hex, :folsom, "0.8.3", "71cff146152fa95e6092e62119f9dc96888660111e7b61853c8fdcf80598a4e0", [:rebar3], [{:bear, "0.8.3", [hex: :bear, optional: false]}]},
  "gen_stage": {:hex, :gen_stage, "0.8.0", "a76e3f0530f86fae8b8a1021c06527b1ec171cf4c0bdfecd8d5ad0376d1205af", [:mix], []},
  "goldrush": {:hex, :goldrush, "0.1.8", "2024ba375ceea47e27ea70e14d2c483b2d8610101b4e852ef7f89163cdb6e649", [:rebar3], []},
  "lager": {:hex, :lager, "3.2.1", "eef4e18b39e4195d37606d9088ea05bf1b745986cf8ec84f01d332456fe88d17", [:rebar3], [{:goldrush, "0.1.8", [hex: :goldrush, optional: false]}]},
  "parse_trans": {:hex, :parse_trans, "2.9.0", "3f5f7b402928fb9fd200c891e635de909045d1efac40ce3f924d3892898f85eb", [:rebar, :rebar], [{:edown, "> 0.0.0", [hex: :edown, optional: false]}]},
  "pobox": {:hex, :pobox, "1.0.2", "45a5bc91e3cf20f9bc0b94494f00fcdccbc333ab2e0856972b7f0f196fc41613", [:rebar3], []},
  "propcheck": {:hex, :propcheck, "0.0.1", "e4f88852ee28a4d9b473cbc527504613289d377eb8fad67700008b5e51fb7711", [:mix], [{:proper, "~> 1.1.1-beta", [hex: :proper, optional: false]}]},
  "proper": {:hex, :proper, "1.1.1-beta", "5eef3fa0cae017ecb4bf6fd6a144349a048e999223a4f1e98ce372ff1772edd3", [:rebar3], []},
  "setup": {:hex, :setup, "1.7.0", "15df8e57c6df9755e22bfb1aef0c640bd97e9889396fdfb2a85a5536a9043674", [:rebar3], []},
  "yamerl": {:hex, :yamerl, "0.3.2", "9eac1537d251e926f47763ab1db0d9e6e8f2397646c290d58aa6ceebc6832fb7", [:rebar3], []},
  "yaml_elixir": {:hex, :yaml_elixir, "1.2.1", "4a8ee3b25598100c710ff11dde4d79b6335608ac092d69aab45cc7475b5abc4d", [:mix], [{:yamerl, "~> 0.3.2", [hex: :yamerl, optional: false]}]}}
