%{"propcheck": {:hex, :propcheck, "0.0.1", "e4f88852ee28a4d9b473cbc527504613289d377eb8fad67700008b5e51fb7711", [:mix], [{:proper, "~> 1.1.1-beta", [hex: :proper, optional: false]}]},
  "proper": {:hex, :proper, "1.1.1-beta", "5eef3fa0cae017ecb4bf6fd6a144349a048e999223a4f1e98ce372ff1772edd3", [:rebar3], []},
  "yamerl": {:hex, :yamerl, "0.3.2", "9eac1537d251e926f47763ab1db0d9e6e8f2397646c290d58aa6ceebc6832fb7", [:rebar3], []},
  "yaml_elixir": {:hex, :yaml_elixir, "1.2.1", "4a8ee3b25598100c710ff11dde4d79b6335608ac092d69aab45cc7475b5abc4d", [:mix], [{:yamerl, "~> 0.3.2", [hex: :yamerl, optional: false]}]}}
